{
  "version": 4,
  "terraform_version": "0.12.25",
  "serial": 136,
  "lineage": "d5f54e10-18b6-216e-938f-9f7ef0094240",
  "outputs": {},
  "resources": [
    {
      "module": "module.aws_subnet",
      "mode": "data",
      "type": "aws_availability_zones",
      "name": "avz",
      "provider": "provider.aws",
      "instances": [
        {
          "schema_version": 0,
          "attributes": {
            "all_availability_zones": null,
            "blacklisted_names": null,
            "blacklisted_zone_ids": null,
            "filter": null,
            "group_names": [
              "us-east-1"
            ],
            "id": "2020-07-14 19:39:29.207957 +0000 UTC",
            "names": [
              "us-east-1a",
              "us-east-1b",
              "us-east-1c",
              "us-east-1d",
              "us-east-1e",
              "us-east-1f"
            ],
            "state": "available",
            "zone_ids": [
              "use1-az2",
              "use1-az4",
              "use1-az6",
              "use1-az1",
              "use1-az3",
              "use1-az5"
            ]
          }
        }
      ]
    },
    {
      "module": "module.aws_internet_gateway",
      "mode": "managed",
      "type": "aws_eip",
      "name": "eip",
      "provider": "provider.aws",
      "instances": [
        {
          "schema_version": 0,
          "attributes": {
            "allocation_id": null,
            "associate_with_private_ip": null,
            "association_id": "",
            "customer_owned_ip": "",
            "customer_owned_ipv4_pool": "",
            "domain": "vpc",
            "id": "eipalloc-0d47f6c9751b7dce7",
            "instance": "",
            "network_interface": "",
            "private_dns": null,
            "private_ip": "",
            "public_dns": "ec2-3-227-14-9.compute-1.amazonaws.com",
            "public_ip": "3.227.14.9",
            "public_ipv4_pool": "amazon",
            "tags": {
              "Name": "eip"
            },
            "timeouts": null,
            "vpc": true
          },
          "private": "eyJlMmJmYjczMC1lY2FhLTExZTYtOGY4OC0zNDM2M2JjN2M0YzAiOnsiZGVsZXRlIjoxODAwMDAwMDAwMDAsInJlYWQiOjkwMDAwMDAwMDAwMCwidXBkYXRlIjozMDAwMDAwMDAwMDB9fQ=="
        }
      ]
    },
    {
      "module": "module.aws_instance",
      "mode": "managed",
      "type": "aws_instance",
      "name": "web",
      "provider": "provider.aws",
      "instances": [
        {
          "schema_version": 1,
          "attributes": {
            "ami": "ami-08f3d892de259504d",
            "arn": "arn:aws:ec2:us-east-1:965746825787:instance/i-08ee319ac49366bb9",
            "associate_public_ip_address": true,
            "availability_zone": "us-east-1a",
            "cpu_core_count": 1,
            "cpu_threads_per_core": 1,
            "credit_specification": [
              {
                "cpu_credits": "standard"
              }
            ],
            "disable_api_termination": false,
            "ebs_block_device": [],
            "ebs_optimized": false,
            "ephemeral_block_device": [],
            "get_password_data": false,
            "hibernation": false,
            "host_id": null,
            "iam_instance_profile": "",
            "id": "i-08ee319ac49366bb9",
            "instance_initiated_shutdown_behavior": null,
            "instance_state": "running",
            "instance_type": "t2.micro",
            "ipv6_address_count": 0,
            "ipv6_addresses": [],
            "key_name": "ssh-key",
            "metadata_options": [
              {
                "http_endpoint": "enabled",
                "http_put_response_hop_limit": 1,
                "http_tokens": "optional"
              }
            ],
            "monitoring": false,
            "network_interface": [],
            "network_interface_id": null,
            "outpost_arn": "",
            "password_data": "",
            "placement_group": "",
            "primary_network_interface_id": "eni-064689af9ca6222ce",
            "private_dns": "ip-10-0-1-87.ec2.internal",
            "private_ip": "10.0.1.87",
            "public_dns": "",
            "public_ip": "54.145.249.48",
            "root_block_device": [
              {
                "delete_on_termination": true,
                "device_name": "/dev/xvda",
                "encrypted": false,
                "iops": 100,
                "kms_key_id": "",
                "volume_id": "vol-0e1e0b61e8f5291f8",
                "volume_size": 8,
                "volume_type": "gp2"
              }
            ],
            "security_groups": [],
            "source_dest_check": true,
            "subnet_id": "subnet-0cee0c72fb13ae1e7",
            "tags": {
              "Name": "wordpress-ec2"
            },
            "tenancy": "default",
            "timeouts": null,
            "user_data": null,
            "user_data_base64": null,
            "volume_tags": {},
            "vpc_security_group_ids": [
              "sg-0e7e0bbb2d750775a"
            ]
          },
          "private": "eyJlMmJmYjczMC1lY2FhLTExZTYtOGY4OC0zNDM2M2JjN2M0YzAiOnsiY3JlYXRlIjo2MDAwMDAwMDAwMDAsImRlbGV0ZSI6MTIwMDAwMDAwMDAwMCwidXBkYXRlIjo2MDAwMDAwMDAwMDB9LCJzY2hlbWFfdmVyc2lvbiI6IjEifQ==",
          "dependencies": [
            "module.aws_key_pair.aws_key_pair.mykeypair",
            "module.aws_security_group.aws_security_group.wordpress-sg",
            "module.aws_subnet.aws_subnet.subnet1",
            "module.aws_vpc.aws_vpc.wordpress-vpc"
          ]
        }
      ]
    },
    {
      "module": "module.aws_internet_gateway",
      "mode": "managed",
      "type": "aws_internet_gateway",
      "name": "wordpress_igw",
      "provider": "provider.aws",
      "instances": [
        {
          "schema_version": 0,
          "attributes": {
            "id": "igw-0ee6554a97f0c98ac",
            "owner_id": "965746825787",
            "tags": {
              "Name": "wordpress_igw"
            },
            "vpc_id": "vpc-007bf758594fc177c"
          },
          "private": "bnVsbA==",
          "dependencies": [
            "module.aws_vpc.aws_vpc.wordpress-vpc"
          ]
        }
      ]
    },
    {
      "module": "module.aws_key_pair",
      "mode": "managed",
      "type": "aws_key_pair",
      "name": "mykeypair",
      "provider": "provider.aws",
      "instances": [
        {
          "schema_version": 1,
          "attributes": {
            "fingerprint": "2e:0f:5a:e8:66:80:06:7a:50:b5:3a:57:80:e0:7c:cc",
            "id": "ssh-key",
            "key_name": "ssh-key",
            "key_name_prefix": null,
            "key_pair_id": "key-0a072e9694ecd96d6",
            "public_key": "ssh-rsa AAAAB3NzaC1yc2EAAAADAQABAAABAQCu7c3JTMzOEhfLsNj4MfUWjgaxr6a+6JJV/TisAtLz2jBeH3p12FOcTGOa+pScfeWQZz0VmTGzlpV4+EjzsUuhXf5dlPUjX0O42+Ta21VLFcW0mZBZhfVlcvl+dw04KjnlXq2M5fAD9IgGaMiAkz/aufgELTt7+/RTe+dtElRf4hxwb/Yryn79JyTRe2AQ1Hhv8eLN/SLdb4RCOw4s/aFs3KqnAqjOg/NLJ9Dw1cyiWDHGMENmP30GPEPV5mWsGWWBeuCa6XdQFSbDViwE3MlNCM1vjsUK1mBPFF8EjvOdc6ZXCbp1+p37+CG4sb9O9D3n1y09bAxkhmeDh1e0+c2H mykeypair",
            "tags": null
          },
          "private": "eyJzY2hlbWFfdmVyc2lvbiI6IjEifQ=="
        }
      ]
    },
    {
      "module": "module.aws_internet_gateway",
      "mode": "managed",
      "type": "aws_nat_gateway",
      "name": "nt",
      "provider": "provider.aws",
      "instances": [
        {
          "schema_version": 0,
          "attributes": {
            "allocation_id": "eipalloc-0d47f6c9751b7dce7",
            "id": "nat-0dd2b04f296e90c1a",
            "network_interface_id": "eni-00e54bf8a6c87ae73",
            "private_ip": "10.0.1.88",
            "public_ip": "3.227.14.9",
            "subnet_id": "subnet-0cee0c72fb13ae1e7",
            "tags": {
              "Name": "nt"
            }
          },
          "private": "bnVsbA==",
          "dependencies": [
            "module.aws_internet_gateway.aws_eip.eip",
            "module.aws_subnet.aws_subnet.subnet1",
            "module.aws_vpc.aws_vpc.wordpress-vpc"
          ]
        }
      ]
    },
    {
      "module": "module.aws_internet_gateway",
      "mode": "managed",
      "type": "aws_route_table",
      "name": "wordpress-rt",
      "provider": "provider.aws",
      "instances": [
        {
          "schema_version": 0,
          "attributes": {
            "id": "rtb-0c15fdd4144e05f4f",
            "owner_id": "965746825787",
            "propagating_vgws": [],
            "route": [
              {
                "cidr_block": "0.0.0.0/0",
                "egress_only_gateway_id": "",
                "gateway_id": "igw-0ee6554a97f0c98ac",
                "instance_id": "",
                "ipv6_cidr_block": "",
                "nat_gateway_id": "",
                "network_interface_id": "",
                "transit_gateway_id": "",
                "vpc_peering_connection_id": ""
              }
            ],
            "tags": {
              "Name": "wordpress-rt"
            },
            "vpc_id": "vpc-007bf758594fc177c"
          },
          "private": "bnVsbA==",
          "dependencies": [
            "module.aws_internet_gateway.aws_internet_gateway.wordpress_igw",
            "module.aws_vpc.aws_vpc.wordpress-vpc"
          ]
        }
      ]
    },
    {
      "module": "module.aws_internet_gateway",
      "mode": "managed",
      "type": "aws_route_table_association",
      "name": "public-sub",
      "provider": "provider.aws",
      "instances": [
        {
          "schema_version": 0,
          "attributes": {
            "gateway_id": null,
            "id": "rtbassoc-01b028f8c25e86282",
            "route_table_id": "rtb-0c15fdd4144e05f4f",
            "subnet_id": "subnet-0cee0c72fb13ae1e7"
          },
          "private": "bnVsbA==",
          "dependencies": [
            "module.aws_internet_gateway.aws_internet_gateway.wordpress_igw",
            "module.aws_internet_gateway.aws_route_table.wordpress-rt",
            "module.aws_subnet.aws_subnet.subnet1",
            "module.aws_vpc.aws_vpc.wordpress-vpc"
          ]
        }
      ]
    },
    {
      "module": "module.aws_security_group",
      "mode": "managed",
      "type": "aws_security_group",
      "name": "wordpress-sg",
      "provider": "provider.aws",
      "instances": [
        {
          "schema_version": 1,
          "attributes": {
            "arn": "arn:aws:ec2:us-east-1:965746825787:security-group/sg-0e7e0bbb2d750775a",
            "description": "Managed by Terraform",
            "egress": [
              {
                "cidr_blocks": [
                  "0.0.0.0/0"
                ],
                "description": "",
                "from_port": 22,
                "ipv6_cidr_blocks": [],
                "prefix_list_ids": [],
                "protocol": "tcp",
                "security_groups": [],
                "self": false,
                "to_port": 22
              },
              {
                "cidr_blocks": [
                  "0.0.0.0/0"
                ],
                "description": "",
                "from_port": 443,
                "ipv6_cidr_blocks": [],
                "prefix_list_ids": [],
                "protocol": "tcp",
                "security_groups": [],
                "self": false,
                "to_port": 443
              },
              {
                "cidr_blocks": [
                  "0.0.0.0/0"
                ],
                "description": "",
                "from_port": 80,
                "ipv6_cidr_blocks": [],
                "prefix_list_ids": [],
                "protocol": "tcp",
                "security_groups": [],
                "self": false,
                "to_port": 80
              }
            ],
            "id": "sg-0e7e0bbb2d750775a",
            "ingress": [
              {
                "cidr_blocks": [
                  "0.0.0.0/0"
                ],
                "description": "",
                "from_port": 22,
                "ipv6_cidr_blocks": [],
                "prefix_list_ids": [],
                "protocol": "tcp",
                "security_groups": [],
                "self": false,
                "to_port": 22
              },
              {
                "cidr_blocks": [
                  "0.0.0.0/0"
                ],
                "description": "",
                "from_port": 443,
                "ipv6_cidr_blocks": [],
                "prefix_list_ids": [],
                "protocol": "tcp",
                "security_groups": [],
                "self": false,
                "to_port": 443
              },
              {
                "cidr_blocks": [
                  "0.0.0.0/0"
                ],
                "description": "",
                "from_port": 80,
                "ipv6_cidr_blocks": [],
                "prefix_list_ids": [],
                "protocol": "tcp",
                "security_groups": [],
                "self": false,
                "to_port": 80
              }
            ],
            "name": "Allow HTTPS",
            "name_prefix": null,
            "owner_id": "965746825787",
            "revoke_rules_on_delete": false,
            "tags": {
              "Name": "wordpress-sg"
            },
            "timeouts": null,
            "vpc_id": "vpc-007bf758594fc177c"
          },
          "private": "eyJlMmJmYjczMC1lY2FhLTExZTYtOGY4OC0zNDM2M2JjN2M0YzAiOnsiY3JlYXRlIjo2MDAwMDAwMDAwMDAsImRlbGV0ZSI6NjAwMDAwMDAwMDAwfSwic2NoZW1hX3ZlcnNpb24iOiIxIn0=",
          "dependencies": [
            "module.aws_vpc.aws_vpc.wordpress-vpc"
          ]
        }
      ]
    },
    {
      "module": "module.aws_subnet",
      "mode": "managed",
      "type": "aws_subnet",
      "name": "subnet1",
      "provider": "provider.aws",
      "instances": [
        {
          "schema_version": 1,
          "attributes": {
            "arn": "arn:aws:ec2:us-east-1:965746825787:subnet/subnet-0cee0c72fb13ae1e7",
            "assign_ipv6_address_on_creation": false,
            "availability_zone": "us-east-1a",
            "availability_zone_id": "use1-az2",
            "cidr_block": "10.0.1.0/24",
            "id": "subnet-0cee0c72fb13ae1e7",
            "ipv6_cidr_block": "",
            "ipv6_cidr_block_association_id": "",
            "map_public_ip_on_launch": true,
            "outpost_arn": "",
            "owner_id": "965746825787",
            "tags": {
              "Name": "subnet1"
            },
            "timeouts": null,
            "vpc_id": "vpc-007bf758594fc177c"
          },
          "private": "eyJlMmJmYjczMC1lY2FhLTExZTYtOGY4OC0zNDM2M2JjN2M0YzAiOnsiY3JlYXRlIjo2MDAwMDAwMDAwMDAsImRlbGV0ZSI6MTIwMDAwMDAwMDAwMH0sInNjaGVtYV92ZXJzaW9uIjoiMSJ9",
          "dependencies": [
            "module.aws_vpc.aws_vpc.wordpress-vpc"
          ]
        }
      ]
    },
    {
      "module": "module.aws_subnet",
      "mode": "managed",
      "type": "aws_subnet",
      "name": "subnet2",
      "provider": "provider.aws",
      "instances": [
        {
          "schema_version": 1,
          "attributes": {
            "arn": "arn:aws:ec2:us-east-1:965746825787:subnet/subnet-07ed991cedc323920",
            "assign_ipv6_address_on_creation": false,
            "availability_zone": "us-east-1a",
            "availability_zone_id": "use1-az2",
            "cidr_block": "10.0.2.0/24",
            "id": "subnet-07ed991cedc323920",
            "ipv6_cidr_block": "",
            "ipv6_cidr_block_association_id": "",
            "map_public_ip_on_launch": true,
            "outpost_arn": "",
            "owner_id": "965746825787",
            "tags": {
              "Name": "subnet2"
            },
            "timeouts": null,
            "vpc_id": "vpc-007bf758594fc177c"
          },
          "private": "eyJlMmJmYjczMC1lY2FhLTExZTYtOGY4OC0zNDM2M2JjN2M0YzAiOnsiY3JlYXRlIjo2MDAwMDAwMDAwMDAsImRlbGV0ZSI6MTIwMDAwMDAwMDAwMH0sInNjaGVtYV92ZXJzaW9uIjoiMSJ9",
          "dependencies": [
            "module.aws_vpc.aws_vpc.wordpress-vpc"
          ]
        }
      ]
    },
    {
      "module": "module.aws_subnet",
      "mode": "managed",
      "type": "aws_subnet",
      "name": "subnet3",
      "provider": "provider.aws",
      "instances": [
        {
          "schema_version": 1,
          "attributes": {
            "arn": "arn:aws:ec2:us-east-1:965746825787:subnet/subnet-0e8b20d850d94ecf4",
            "assign_ipv6_address_on_creation": false,
            "availability_zone": "us-east-1b",
            "availability_zone_id": "use1-az4",
            "cidr_block": "10.0.3.0/24",
            "id": "subnet-0e8b20d850d94ecf4",
            "ipv6_cidr_block": "",
            "ipv6_cidr_block_association_id": "",
            "map_public_ip_on_launch": true,
            "outpost_arn": "",
            "owner_id": "965746825787",
            "tags": {
              "Name": "subnet3"
            },
            "timeouts": null,
            "vpc_id": "vpc-007bf758594fc177c"
          },
          "private": "eyJlMmJmYjczMC1lY2FhLTExZTYtOGY4OC0zNDM2M2JjN2M0YzAiOnsiY3JlYXRlIjo2MDAwMDAwMDAwMDAsImRlbGV0ZSI6MTIwMDAwMDAwMDAwMH0sInNjaGVtYV92ZXJzaW9uIjoiMSJ9",
          "dependencies": [
            "module.aws_vpc.aws_vpc.wordpress-vpc"
          ]
        }
      ]
    },
    {
      "module": "module.aws_subnet",
      "mode": "managed",
      "type": "aws_subnet",
      "name": "subnet4",
      "provider": "provider.aws",
      "instances": [
        {
          "schema_version": 1,
          "attributes": {
            "arn": "arn:aws:ec2:us-east-1:965746825787:subnet/subnet-06f9a395e96e9b272",
            "assign_ipv6_address_on_creation": false,
            "availability_zone": "us-east-1b",
            "availability_zone_id": "use1-az4",
            "cidr_block": "10.0.4.0/24",
            "id": "subnet-06f9a395e96e9b272",
            "ipv6_cidr_block": "",
            "ipv6_cidr_block_association_id": "",
            "map_public_ip_on_launch": false,
            "outpost_arn": "",
            "owner_id": "965746825787",
            "tags": {
              "Name": "subnet4"
            },
            "timeouts": null,
            "vpc_id": "vpc-007bf758594fc177c"
          },
          "private": "eyJlMmJmYjczMC1lY2FhLTExZTYtOGY4OC0zNDM2M2JjN2M0YzAiOnsiY3JlYXRlIjo2MDAwMDAwMDAwMDAsImRlbGV0ZSI6MTIwMDAwMDAwMDAwMH0sInNjaGVtYV92ZXJzaW9uIjoiMSJ9",
          "dependencies": [
            "module.aws_vpc.aws_vpc.wordpress-vpc"
          ]
        }
      ]
    },
    {
      "module": "module.aws_subnet",
      "mode": "managed",
      "type": "aws_subnet",
      "name": "subnet5",
      "provider": "provider.aws",
      "instances": [
        {
          "schema_version": 1,
          "attributes": {
            "arn": "arn:aws:ec2:us-east-1:965746825787:subnet/subnet-00c5214319a60f2ba",
            "assign_ipv6_address_on_creation": false,
            "availability_zone": "us-east-1c",
            "availability_zone_id": "use1-az6",
            "cidr_block": "10.0.5.0/24",
            "id": "subnet-00c5214319a60f2ba",
            "ipv6_cidr_block": "",
            "ipv6_cidr_block_association_id": "",
            "map_public_ip_on_launch": false,
            "outpost_arn": "",
            "owner_id": "965746825787",
            "tags": {
              "Name": "subnet5"
            },
            "timeouts": null,
            "vpc_id": "vpc-007bf758594fc177c"
          },
          "private": "eyJlMmJmYjczMC1lY2FhLTExZTYtOGY4OC0zNDM2M2JjN2M0YzAiOnsiY3JlYXRlIjo2MDAwMDAwMDAwMDAsImRlbGV0ZSI6MTIwMDAwMDAwMDAwMH0sInNjaGVtYV92ZXJzaW9uIjoiMSJ9",
          "dependencies": [
            "module.aws_vpc.aws_vpc.wordpress-vpc"
          ]
        }
      ]
    },
    {
      "module": "module.aws_subnet",
      "mode": "managed",
      "type": "aws_subnet",
      "name": "subnet6",
      "provider": "provider.aws",
      "instances": [
        {
          "schema_version": 1,
          "attributes": {
            "arn": "arn:aws:ec2:us-east-1:965746825787:subnet/subnet-0ce60cc1112801503",
            "assign_ipv6_address_on_creation": false,
            "availability_zone": "us-east-1c",
            "availability_zone_id": "use1-az6",
            "cidr_block": "10.0.6.0/24",
            "id": "subnet-0ce60cc1112801503",
            "ipv6_cidr_block": "",
            "ipv6_cidr_block_association_id": "",
            "map_public_ip_on_launch": false,
            "outpost_arn": "",
            "owner_id": "965746825787",
            "tags": {
              "Name": "subnet6"
            },
            "timeouts": null,
            "vpc_id": "vpc-007bf758594fc177c"
          },
          "private": "eyJlMmJmYjczMC1lY2FhLTExZTYtOGY4OC0zNDM2M2JjN2M0YzAiOnsiY3JlYXRlIjo2MDAwMDAwMDAwMDAsImRlbGV0ZSI6MTIwMDAwMDAwMDAwMH0sInNjaGVtYV92ZXJzaW9uIjoiMSJ9",
          "dependencies": [
            "module.aws_vpc.aws_vpc.wordpress-vpc"
          ]
        }
      ]
    },
    {
      "module": "module.aws_vpc",
      "mode": "managed",
      "type": "aws_vpc",
      "name": "wordpress-vpc",
      "provider": "provider.aws",
      "instances": [
        {
          "schema_version": 1,
          "attributes": {
            "arn": "arn:aws:ec2:us-east-1:965746825787:vpc/vpc-007bf758594fc177c",
            "assign_generated_ipv6_cidr_block": false,
            "cidr_block": "10.0.0.0/16",
            "default_network_acl_id": "acl-0ca02231279fd6e46",
            "default_route_table_id": "rtb-0e14f1ab737d73744",
            "default_security_group_id": "sg-0aeb575f2d088f2af",
            "dhcp_options_id": "dopt-4ec40f34",
            "enable_classiclink": false,
            "enable_classiclink_dns_support": false,
            "enable_dns_hostnames": false,
            "enable_dns_support": true,
            "id": "vpc-007bf758594fc177c",
            "instance_tenancy": "default",
            "ipv6_association_id": "",
            "ipv6_cidr_block": "",
            "main_route_table_id": "rtb-0e14f1ab737d73744",
            "owner_id": "965746825787",
            "tags": {
              "Name": "wordpress-vpc"
            }
          },
          "private": "eyJzY2hlbWFfdmVyc2lvbiI6IjEifQ=="
        }
      ]
    }
  ]
}
